// !$*UTF8*$!
{
	archiveVersion = 1;
	classes = {
	};
	objectVersion = 50;
	objects = {

/* Begin PBXBuildFile section */
		8B158C9B246171C100B9E6AE /* CKHelper.swift in Sources */ = {isa = PBXBuildFile; fileRef = 8B158C9A246171C100B9E6AE /* CKHelper.swift */; };
		8B158C9D2462C2A900B9E6AE /* LoadingView.swift in Sources */ = {isa = PBXBuildFile; fileRef = 8B158C9C2462C2A900B9E6AE /* LoadingView.swift */; };
		8B158C9F2462C2E300B9E6AE /* BlurBackGround.swift in Sources */ = {isa = PBXBuildFile; fileRef = 8B158C9E2462C2E300B9E6AE /* BlurBackGround.swift */; };
		8B158CA124635C4300B9E6AE /* LoyaltyView.swift in Sources */ = {isa = PBXBuildFile; fileRef = 8B158CA024635C4300B9E6AE /* LoyaltyView.swift */; };
		8B158CA324646AB200B9E6AE /* Order.swift in Sources */ = {isa = PBXBuildFile; fileRef = 8B158CA224646AB200B9E6AE /* Order.swift */; };
		8B158CA524647C6900B9E6AE /* OrderView.swift in Sources */ = {isa = PBXBuildFile; fileRef = 8B158CA424647C6900B9E6AE /* OrderView.swift */; };
		8B158CA72464926200B9E6AE /* UserDetail.swift in Sources */ = {isa = PBXBuildFile; fileRef = 8B158CA62464926200B9E6AE /* UserDetail.swift */; };
		8B158CA92464AD0B00B9E6AE /* CheckoutView.swift in Sources */ = {isa = PBXBuildFile; fileRef = 8B158CA82464AD0B00B9E6AE /* CheckoutView.swift */; };
		8B2019292477298100281D77 /* CKCategory.swift in Sources */ = {isa = PBXBuildFile; fileRef = 8B2019282477298100281D77 /* CKCategory.swift */; };
		8B20192B24772AE800281D77 /* CKItems.swift in Sources */ = {isa = PBXBuildFile; fileRef = 8B20192A24772AE800281D77 /* CKItems.swift */; };
		8B20192D24772BC600281D77 /* CKAdmin.swift in Sources */ = {isa = PBXBuildFile; fileRef = 8B20192C24772BC600281D77 /* CKAdmin.swift */; };
		8B7572812471B7DC00ED32A3 /* LocationManager.swift in Sources */ = {isa = PBXBuildFile; fileRef = 8B7572802471B7DC00ED32A3 /* LocationManager.swift */; };
		8B7A2728243F768A00760F5D /* AppDelegate.swift in Sources */ = {isa = PBXBuildFile; fileRef = 8B7A2727243F768A00760F5D /* AppDelegate.swift */; };
		8B7A272A243F768A00760F5D /* SceneDelegate.swift in Sources */ = {isa = PBXBuildFile; fileRef = 8B7A2729243F768A00760F5D /* SceneDelegate.swift */; };
		8B7A272C243F768A00760F5D /* ContentView.swift in Sources */ = {isa = PBXBuildFile; fileRef = 8B7A272B243F768A00760F5D /* ContentView.swift */; };
		8B7A272E243F769000760F5D /* Assets.xcassets in Resources */ = {isa = PBXBuildFile; fileRef = 8B7A272D243F769000760F5D /* Assets.xcassets */; };
		8B7A2731243F769000760F5D /* Preview Assets.xcassets in Resources */ = {isa = PBXBuildFile; fileRef = 8B7A2730243F769000760F5D /* Preview Assets.xcassets */; };
		8B7A2734243F769000760F5D /* LaunchScreen.storyboard in Resources */ = {isa = PBXBuildFile; fileRef = 8B7A2732243F769000760F5D /* LaunchScreen.storyboard */; };
		8B7A2748243F7D8700760F5D /* privacy.json in Resources */ = {isa = PBXBuildFile; fileRef = 8B7A2743243F7D8600760F5D /* privacy.json */; };
		8B7A2749243F7D8700760F5D /* information.json in Resources */ = {isa = PBXBuildFile; fileRef = 8B7A2744243F7D8600760F5D /* information.json */; };
		8B7A274A243F7D8700760F5D /* about.json in Resources */ = {isa = PBXBuildFile; fileRef = 8B7A2745243F7D8600760F5D /* about.json */; };
		8B7A274B243F7D8700760F5D /* credits.json in Resources */ = {isa = PBXBuildFile; fileRef = 8B7A2746243F7D8700760F5D /* credits.json */; };
		8B7A274C243F7D8700760F5D /* terms.json in Resources */ = {isa = PBXBuildFile; fileRef = 8B7A2747243F7D8700760F5D /* terms.json */; };
		8B7A274E243F7E8E00760F5D /* Bundle-Decodable.swift in Sources */ = {isa = PBXBuildFile; fileRef = 8B7A274D243F7E8E00760F5D /* Bundle-Decodable.swift */; };
		8B7A2750243F809C00760F5D /* StringInterpolation-Number.swift in Sources */ = {isa = PBXBuildFile; fileRef = 8B7A274F243F809C00760F5D /* StringInterpolation-Number.swift */; };
		8B7A2752243F81B700760F5D /* AboutView.swift in Sources */ = {isa = PBXBuildFile; fileRef = 8B7A2751243F81B700760F5D /* AboutView.swift */; };
		8B7A2754243F82EB00760F5D /* InformationView.swift in Sources */ = {isa = PBXBuildFile; fileRef = 8B7A2753243F82EB00760F5D /* InformationView.swift */; };
		8B7A2756243F8C6300760F5D /* MapView.swift in Sources */ = {isa = PBXBuildFile; fileRef = 8B7A2755243F8C6300760F5D /* MapView.swift */; };
		8B7A275A243F915600760F5D /* Information.swift in Sources */ = {isa = PBXBuildFile; fileRef = 8B7A2759243F915600760F5D /* Information.swift */; };
		8B7A275C243FA85200760F5D /* ImageView.swift in Sources */ = {isa = PBXBuildFile; fileRef = 8B7A275B243FA85200760F5D /* ImageView.swift */; };
		8B7A275E243FAC2A00760F5D /* WebView.swift in Sources */ = {isa = PBXBuildFile; fileRef = 8B7A275D243FAC2A00760F5D /* WebView.swift */; };
		8B7A2760243FC21500760F5D /* AdminView.swift in Sources */ = {isa = PBXBuildFile; fileRef = 8B7A275F243FC21500760F5D /* AdminView.swift */; };
		8B7A2762243FC3FF00760F5D /* About.swift in Sources */ = {isa = PBXBuildFile; fileRef = 8B7A2761243FC3FF00760F5D /* About.swift */; };
		8B7A2764243FC6DC00760F5D /* AboutDetailView.swift in Sources */ = {isa = PBXBuildFile; fileRef = 8B7A2763243FC6DC00760F5D /* AboutDetailView.swift */; };
		8B7A2766243FCD8C00760F5D /* MenuView.swift in Sources */ = {isa = PBXBuildFile; fileRef = 8B7A2765243FCD8C00760F5D /* MenuView.swift */; };
		8B8D5EA3246AAE110013E9F1 /* GridStack.swift in Sources */ = {isa = PBXBuildFile; fileRef = 8B8D5EA2246AAE110013E9F1 /* GridStack.swift */; };
		8B9AE00E245C6871002A2B35 /* ImagePicker.swift in Sources */ = {isa = PBXBuildFile; fileRef = 8B9AE00D245C6871002A2B35 /* ImagePicker.swift */; };
		8B9AE010245C95EE002A2B35 /* ImageHelper.swift in Sources */ = {isa = PBXBuildFile; fileRef = 8B9AE00F245C95EE002A2B35 /* ImageHelper.swift */; };
		8B9AE015245EBFCF002A2B35 /* DetailItemView.swift in Sources */ = {isa = PBXBuildFile; fileRef = 8B9AE014245EBFCF002A2B35 /* DetailItemView.swift */; };
		8B9AE017245EC026002A2B35 /* ItemsView.swift in Sources */ = {isa = PBXBuildFile; fileRef = 8B9AE016245EC026002A2B35 /* ItemsView.swift */; };
		8B9AE01A245EC3D7002A2B35 /* ItemImageView.swift in Sources */ = {isa = PBXBuildFile; fileRef = 8B9AE019245EC3D7002A2B35 /* ItemImageView.swift */; };
		8B9EFE19246AB3E40018E969 /* StampView.swift in Sources */ = {isa = PBXBuildFile; fileRef = 8B9EFE18246AB3E40018E969 /* StampView.swift */; };
		8B9EFE1C246AB8580018E969 /* CardView.swift in Sources */ = {isa = PBXBuildFile; fileRef = 8B9EFE1B246AB8580018E969 /* CardView.swift */; };
		8B9EFE1E246AF4B30018E969 /* NoStampView.swift in Sources */ = {isa = PBXBuildFile; fileRef = 8B9EFE1D246AF4B30018E969 /* NoStampView.swift */; };
		8B9EFE20246AF5F60018E969 /* LoyaltyCard.swift in Sources */ = {isa = PBXBuildFile; fileRef = 8B9EFE1F246AF5F60018E969 /* LoyaltyCard.swift */; };
		8B9EFE22246C380D0018E969 /* Reader.swift in Sources */ = {isa = PBXBuildFile; fileRef = 8B9EFE21246C380D0018E969 /* Reader.swift */; };
		8BA478DD245AED4800BAB7A5 /* MenuItem.swift in Sources */ = {isa = PBXBuildFile; fileRef = 8BA478DC245AED4800BAB7A5 /* MenuItem.swift */; };
		8BA478DF245AF11400BAB7A5 /* MenuItemView.swift in Sources */ = {isa = PBXBuildFile; fileRef = 8BA478DE245AF11400BAB7A5 /* MenuItemView.swift */; };
		8BA478E1245AFAE400BAB7A5 /* AddMenuItemView.swift in Sources */ = {isa = PBXBuildFile; fileRef = 8BA478E0245AFAE400BAB7A5 /* AddMenuItemView.swift */; };
		8BA478E3245B089C00BAB7A5 /* ResizableTextField.swift in Sources */ = {isa = PBXBuildFile; fileRef = 8BA478E2245B089C00BAB7A5 /* ResizableTextField.swift */; };
		8BA478E5245B17F900BAB7A5 /* Modifiers.swift in Sources */ = {isa = PBXBuildFile; fileRef = 8BA478E4245B17F900BAB7A5 /* Modifiers.swift */; };
		8BDA448E24585C2100F054A0 /* AddCategoryView.swift in Sources */ = {isa = PBXBuildFile; fileRef = 8BDA448D24585C2100F054A0 /* AddCategoryView.swift */; };
		8BDA44922458645400F054A0 /* CategoryView.swift in Sources */ = {isa = PBXBuildFile; fileRef = 8BDA44912458645400F054A0 /* CategoryView.swift */; };
		8BDA4495245871C100F054A0 /* CloudKit.framework in Frameworks */ = {isa = PBXBuildFile; fileRef = 8BDA4494245871C100F054A0 /* CloudKit.framework */; };
		8BDA4497245887D800F054A0 /* Spinner.swift in Sources */ = {isa = PBXBuildFile; fileRef = 8BDA4496245887D800F054A0 /* Spinner.swift */; };
		8BDA449924588E5A00F054A0 /* Category.swift in Sources */ = {isa = PBXBuildFile; fileRef = 8BDA449824588E5A00F054A0 /* Category.swift */; };
		8BEDBA9D2465B1B8004298D8 /* MailView.swift in Sources */ = {isa = PBXBuildFile; fileRef = 8BEDBA9C2465B1B8004298D8 /* MailView.swift */; };
		8BFE1E462473E82300FCBDC6 /* AdminUsers.swift in Sources */ = {isa = PBXBuildFile; fileRef = 8BFE1E452473E82300FCBDC6 /* AdminUsers.swift */; };
		8BFE1E482475105C00FCBDC6 /* AdminUserView.swift in Sources */ = {isa = PBXBuildFile; fileRef = 8BFE1E472475105C00FCBDC6 /* AdminUserView.swift */; };
		8BFE1E4A2475154100FCBDC6 /* AddAdminUserView.swift in Sources */ = {isa = PBXBuildFile; fileRef = 8BFE1E492475154100FCBDC6 /* AddAdminUserView.swift */; };
/* End PBXBuildFile section */

/* Begin PBXFileReference section */
		8B158C9A246171C100B9E6AE /* CKHelper.swift */ = {isa = PBXFileReference; lastKnownFileType = sourcecode.swift; path = CKHelper.swift; sourceTree = "<group>"; };
		8B158C9C2462C2A900B9E6AE /* LoadingView.swift */ = {isa = PBXFileReference; lastKnownFileType = sourcecode.swift; name = LoadingView.swift; path = "DirtyApron/Supporting Files/LoadingView.swift"; sourceTree = SOURCE_ROOT; };
		8B158C9E2462C2E300B9E6AE /* BlurBackGround.swift */ = {isa = PBXFileReference; lastKnownFileType = sourcecode.swift; name = BlurBackGround.swift; path = "DirtyApron/Supporting Views/BlurBackGround.swift"; sourceTree = SOURCE_ROOT; };
		8B158CA024635C4300B9E6AE /* LoyaltyView.swift */ = {isa = PBXFileReference; lastKnownFileType = sourcecode.swift; path = LoyaltyView.swift; sourceTree = "<group>"; };
		8B158CA224646AB200B9E6AE /* Order.swift */ = {isa = PBXFileReference; lastKnownFileType = sourcecode.swift; path = Order.swift; sourceTree = "<group>"; };
		8B158CA424647C6900B9E6AE /* OrderView.swift */ = {isa = PBXFileReference; lastKnownFileType = sourcecode.swift; path = OrderView.swift; sourceTree = "<group>"; };
		8B158CA62464926200B9E6AE /* UserDetail.swift */ = {isa = PBXFileReference; lastKnownFileType = sourcecode.swift; path = UserDetail.swift; sourceTree = "<group>"; };
		8B158CA82464AD0B00B9E6AE /* CheckoutView.swift */ = {isa = PBXFileReference; lastKnownFileType = sourcecode.swift; path = CheckoutView.swift; sourceTree = "<group>"; };
		8B2019282477298100281D77 /* CKCategory.swift */ = {isa = PBXFileReference; lastKnownFileType = sourcecode.swift; path = CKCategory.swift; sourceTree = "<group>"; };
		8B20192A24772AE800281D77 /* CKItems.swift */ = {isa = PBXFileReference; lastKnownFileType = sourcecode.swift; path = CKItems.swift; sourceTree = "<group>"; };
		8B20192C24772BC600281D77 /* CKAdmin.swift */ = {isa = PBXFileReference; lastKnownFileType = sourcecode.swift; path = CKAdmin.swift; sourceTree = "<group>"; };
		8B7572802471B7DC00ED32A3 /* LocationManager.swift */ = {isa = PBXFileReference; lastKnownFileType = sourcecode.swift; path = LocationManager.swift; sourceTree = "<group>"; };
		8B7A2724243F768A00760F5D /* DirtyApron.app */ = {isa = PBXFileReference; explicitFileType = wrapper.application; includeInIndex = 0; path = DirtyApron.app; sourceTree = BUILT_PRODUCTS_DIR; };
		8B7A2727243F768A00760F5D /* AppDelegate.swift */ = {isa = PBXFileReference; lastKnownFileType = sourcecode.swift; path = AppDelegate.swift; sourceTree = "<group>"; };
		8B7A2729243F768A00760F5D /* SceneDelegate.swift */ = {isa = PBXFileReference; lastKnownFileType = sourcecode.swift; path = SceneDelegate.swift; sourceTree = "<group>"; };
		8B7A272B243F768A00760F5D /* ContentView.swift */ = {isa = PBXFileReference; lastKnownFileType = sourcecode.swift; path = ContentView.swift; sourceTree = "<group>"; };
		8B7A272D243F769000760F5D /* Assets.xcassets */ = {isa = PBXFileReference; lastKnownFileType = folder.assetcatalog; path = Assets.xcassets; sourceTree = "<group>"; };
		8B7A2730243F769000760F5D /* Preview Assets.xcassets */ = {isa = PBXFileReference; lastKnownFileType = folder.assetcatalog; path = "Preview Assets.xcassets"; sourceTree = "<group>"; };
		8B7A2733243F769000760F5D /* Base */ = {isa = PBXFileReference; lastKnownFileType = file.storyboard; name = Base; path = Base.lproj/LaunchScreen.storyboard; sourceTree = "<group>"; };
		8B7A2735243F769000760F5D /* Info.plist */ = {isa = PBXFileReference; lastKnownFileType = text.plist.xml; path = Info.plist; sourceTree = "<group>"; };
		8B7A273F243F7A1F00760F5D /* DirtyApron.entitlements */ = {isa = PBXFileReference; lastKnownFileType = text.plist.entitlements; path = DirtyApron.entitlements; sourceTree = "<group>"; };
		8B7A2743243F7D8600760F5D /* privacy.json */ = {isa = PBXFileReference; fileEncoding = 4; lastKnownFileType = text.json; path = privacy.json; sourceTree = "<group>"; };
		8B7A2744243F7D8600760F5D /* information.json */ = {isa = PBXFileReference; fileEncoding = 4; lastKnownFileType = text.json; path = information.json; sourceTree = "<group>"; };
		8B7A2745243F7D8600760F5D /* about.json */ = {isa = PBXFileReference; fileEncoding = 4; lastKnownFileType = text.json; path = about.json; sourceTree = "<group>"; };
		8B7A2746243F7D8700760F5D /* credits.json */ = {isa = PBXFileReference; fileEncoding = 4; lastKnownFileType = text.json; path = credits.json; sourceTree = "<group>"; };
		8B7A2747243F7D8700760F5D /* terms.json */ = {isa = PBXFileReference; fileEncoding = 4; lastKnownFileType = text.json; path = terms.json; sourceTree = "<group>"; };
		8B7A274D243F7E8E00760F5D /* Bundle-Decodable.swift */ = {isa = PBXFileReference; lastKnownFileType = sourcecode.swift; path = "Bundle-Decodable.swift"; sourceTree = "<group>"; };
		8B7A274F243F809C00760F5D /* StringInterpolation-Number.swift */ = {isa = PBXFileReference; lastKnownFileType = sourcecode.swift; path = "StringInterpolation-Number.swift"; sourceTree = "<group>"; };
		8B7A2751243F81B700760F5D /* AboutView.swift */ = {isa = PBXFileReference; lastKnownFileType = sourcecode.swift; path = AboutView.swift; sourceTree = "<group>"; };
		8B7A2753243F82EB00760F5D /* InformationView.swift */ = {isa = PBXFileReference; lastKnownFileType = sourcecode.swift; path = InformationView.swift; sourceTree = "<group>"; };
		8B7A2755243F8C6300760F5D /* MapView.swift */ = {isa = PBXFileReference; lastKnownFileType = sourcecode.swift; path = MapView.swift; sourceTree = "<group>"; };
		8B7A2759243F915600760F5D /* Information.swift */ = {isa = PBXFileReference; lastKnownFileType = sourcecode.swift; path = Information.swift; sourceTree = "<group>"; };
		8B7A275B243FA85200760F5D /* ImageView.swift */ = {isa = PBXFileReference; lastKnownFileType = sourcecode.swift; path = ImageView.swift; sourceTree = "<group>"; };
		8B7A275D243FAC2A00760F5D /* WebView.swift */ = {isa = PBXFileReference; lastKnownFileType = sourcecode.swift; path = WebView.swift; sourceTree = "<group>"; };
		8B7A275F243FC21500760F5D /* AdminView.swift */ = {isa = PBXFileReference; lastKnownFileType = sourcecode.swift; path = AdminView.swift; sourceTree = "<group>"; };
		8B7A2761243FC3FF00760F5D /* About.swift */ = {isa = PBXFileReference; lastKnownFileType = sourcecode.swift; path = About.swift; sourceTree = "<group>"; };
		8B7A2763243FC6DC00760F5D /* AboutDetailView.swift */ = {isa = PBXFileReference; lastKnownFileType = sourcecode.swift; path = AboutDetailView.swift; sourceTree = "<group>"; };
		8B7A2765243FCD8C00760F5D /* MenuView.swift */ = {isa = PBXFileReference; lastKnownFileType = sourcecode.swift; path = MenuView.swift; sourceTree = "<group>"; };
		8B8D5EA2246AAE110013E9F1 /* GridStack.swift */ = {isa = PBXFileReference; lastKnownFileType = sourcecode.swift; path = GridStack.swift; sourceTree = "<group>"; };
		8B9AE00D245C6871002A2B35 /* ImagePicker.swift */ = {isa = PBXFileReference; lastKnownFileType = sourcecode.swift; path = ImagePicker.swift; sourceTree = "<group>"; };
		8B9AE00F245C95EE002A2B35 /* ImageHelper.swift */ = {isa = PBXFileReference; lastKnownFileType = sourcecode.swift; path = ImageHelper.swift; sourceTree = "<group>"; };
		8B9AE014245EBFCF002A2B35 /* DetailItemView.swift */ = {isa = PBXFileReference; lastKnownFileType = sourcecode.swift; path = DetailItemView.swift; sourceTree = "<group>"; };
		8B9AE016245EC026002A2B35 /* ItemsView.swift */ = {isa = PBXFileReference; lastKnownFileType = sourcecode.swift; path = ItemsView.swift; sourceTree = "<group>"; };
		8B9AE019245EC3D7002A2B35 /* ItemImageView.swift */ = {isa = PBXFileReference; lastKnownFileType = sourcecode.swift; path = ItemImageView.swift; sourceTree = "<group>"; };
		8B9EFE18246AB3E40018E969 /* StampView.swift */ = {isa = PBXFileReference; lastKnownFileType = sourcecode.swift; path = StampView.swift; sourceTree = "<group>"; };
		8B9EFE1B246AB8580018E969 /* CardView.swift */ = {isa = PBXFileReference; lastKnownFileType = sourcecode.swift; path = CardView.swift; sourceTree = "<group>"; };
		8B9EFE1D246AF4B30018E969 /* NoStampView.swift */ = {isa = PBXFileReference; lastKnownFileType = sourcecode.swift; path = NoStampView.swift; sourceTree = "<group>"; };
		8B9EFE1F246AF5F60018E969 /* LoyaltyCard.swift */ = {isa = PBXFileReference; lastKnownFileType = sourcecode.swift; path = LoyaltyCard.swift; sourceTree = "<group>"; };
		8B9EFE21246C380D0018E969 /* Reader.swift */ = {isa = PBXFileReference; lastKnownFileType = sourcecode.swift; path = Reader.swift; sourceTree = "<group>"; };
		8BA478DC245AED4800BAB7A5 /* MenuItem.swift */ = {isa = PBXFileReference; lastKnownFileType = sourcecode.swift; path = MenuItem.swift; sourceTree = "<group>"; };
		8BA478DE245AF11400BAB7A5 /* MenuItemView.swift */ = {isa = PBXFileReference; lastKnownFileType = sourcecode.swift; path = MenuItemView.swift; sourceTree = "<group>"; };
		8BA478E0245AFAE400BAB7A5 /* AddMenuItemView.swift */ = {isa = PBXFileReference; lastKnownFileType = sourcecode.swift; path = AddMenuItemView.swift; sourceTree = "<group>"; };
		8BA478E2245B089C00BAB7A5 /* ResizableTextField.swift */ = {isa = PBXFileReference; lastKnownFileType = sourcecode.swift; path = ResizableTextField.swift; sourceTree = "<group>"; };
		8BA478E4245B17F900BAB7A5 /* Modifiers.swift */ = {isa = PBXFileReference; lastKnownFileType = sourcecode.swift; path = Modifiers.swift; sourceTree = "<group>"; };
		8BDA448D24585C2100F054A0 /* AddCategoryView.swift */ = {isa = PBXFileReference; lastKnownFileType = sourcecode.swift; path = AddCategoryView.swift; sourceTree = "<group>"; };
		8BDA44912458645400F054A0 /* CategoryView.swift */ = {isa = PBXFileReference; lastKnownFileType = sourcecode.swift; path = CategoryView.swift; sourceTree = "<group>"; };
		8BDA4494245871C100F054A0 /* CloudKit.framework */ = {isa = PBXFileReference; lastKnownFileType = wrapper.framework; name = CloudKit.framework; path = System/Library/Frameworks/CloudKit.framework; sourceTree = SDKROOT; };
		8BDA4496245887D800F054A0 /* Spinner.swift */ = {isa = PBXFileReference; lastKnownFileType = sourcecode.swift; path = Spinner.swift; sourceTree = "<group>"; };
		8BDA449824588E5A00F054A0 /* Category.swift */ = {isa = PBXFileReference; lastKnownFileType = sourcecode.swift; path = Category.swift; sourceTree = "<group>"; };
		8BEDBA9C2465B1B8004298D8 /* MailView.swift */ = {isa = PBXFileReference; lastKnownFileType = sourcecode.swift; path = MailView.swift; sourceTree = "<group>"; };
		8BFE1E452473E82300FCBDC6 /* AdminUsers.swift */ = {isa = PBXFileReference; lastKnownFileType = sourcecode.swift; path = AdminUsers.swift; sourceTree = "<group>"; };
		8BFE1E472475105C00FCBDC6 /* AdminUserView.swift */ = {isa = PBXFileReference; lastKnownFileType = sourcecode.swift; path = AdminUserView.swift; sourceTree = "<group>"; };
		8BFE1E492475154100FCBDC6 /* AddAdminUserView.swift */ = {isa = PBXFileReference; lastKnownFileType = sourcecode.swift; path = AddAdminUserView.swift; sourceTree = "<group>"; };
/* End PBXFileReference section */

/* Begin PBXFrameworksBuildPhase section */
		8B7A2721243F768A00760F5D /* Frameworks */ = {
			isa = PBXFrameworksBuildPhase;
			buildActionMask = 2147483647;
			files = (
				8BDA4495245871C100F054A0 /* CloudKit.framework in Frameworks */,
			);
			runOnlyForDeploymentPostprocessing = 0;
		};
/* End PBXFrameworksBuildPhase section */

/* Begin PBXGroup section */
		8B20192E24772C8200281D77 /* CloudKit Helpers */ = {
			isa = PBXGroup;
			children = (
				8B158C9A246171C100B9E6AE /* CKHelper.swift */,
				8B2019282477298100281D77 /* CKCategory.swift */,
				8B20192A24772AE800281D77 /* CKItems.swift */,
				8B20192C24772BC600281D77 /* CKAdmin.swift */,
			);
			path = "CloudKit Helpers";
			sourceTree = "<group>";
		};
		8B7A271B243F768A00760F5D = {
			isa = PBXGroup;
			children = (
				8B7A2726243F768A00760F5D /* DirtyApron */,
				8B7A2725243F768A00760F5D /* Products */,
				8BDA4493245871C100F054A0 /* Frameworks */,
			);
			sourceTree = "<group>";
		};
		8B7A2725243F768A00760F5D /* Products */ = {
			isa = PBXGroup;
			children = (
				8B7A2724243F768A00760F5D /* DirtyApron.app */,
			);
			name = Products;
			sourceTree = "<group>";
		};
		8B7A2726243F768A00760F5D /* DirtyApron */ = {
			isa = PBXGroup;
			children = (
				8B7A273F243F7A1F00760F5D /* DirtyApron.entitlements */,
				8B7A272D243F769000760F5D /* Assets.xcassets */,
				8B7A2732243F769000760F5D /* LaunchScreen.storyboard */,
				8B7A2735243F769000760F5D /* Info.plist */,
				8B7A2727243F768A00760F5D /* AppDelegate.swift */,
				8B7A2729243F768A00760F5D /* SceneDelegate.swift */,
				8B7A272B243F768A00760F5D /* ContentView.swift */,
				8B7A2753243F82EB00760F5D /* InformationView.swift */,
				8B158CA024635C4300B9E6AE /* LoyaltyView.swift */,
				8B7A2765243FCD8C00760F5D /* MenuView.swift */,
				8B7A2751243F81B700760F5D /* AboutView.swift */,
				8B7A2740243F7C9000760F5D /* Model */,
				8B7A273D243F78DA00760F5D /* Supporting Views */,
				8B7A273E243F78FF00760F5D /* Supporting Files */,
				8B7A272F243F769000760F5D /* Preview Content */,
			);
			path = DirtyApron;
			sourceTree = "<group>";
		};
		8B7A272F243F769000760F5D /* Preview Content */ = {
			isa = PBXGroup;
			children = (
				8B7A2730243F769000760F5D /* Preview Assets.xcassets */,
			);
			path = "Preview Content";
			sourceTree = "<group>";
		};
		8B7A273D243F78DA00760F5D /* Supporting Views */ = {
			isa = PBXGroup;
			children = (
				8BEDBA9C2465B1B8004298D8 /* MailView.swift */,
				8B158C9C2462C2A900B9E6AE /* LoadingView.swift */,
				8B9AE019245EC3D7002A2B35 /* ItemImageView.swift */,
				8B9EFE1A246AB3F60018E969 /* Loyalty */,
				8B9AE018245EC03C002A2B35 /* MenuViews */,
				8B9AE012245EBAEE002A2B35 /* InformationViews */,
				8B9AE011245EBA02002A2B35 /* AdminViews */,
				8B9AE013245EBB23002A2B35 /* AboutViews */,
			);
			path = "Supporting Views";
			sourceTree = "<group>";
		};
		8B7A273E243F78FF00760F5D /* Supporting Files */ = {
			isa = PBXGroup;
			children = (
				8B158C9E2462C2E300B9E6AE /* BlurBackGround.swift */,
				8BDA4496245887D800F054A0 /* Spinner.swift */,
				8BA478E2245B089C00BAB7A5 /* ResizableTextField.swift */,
				8B9AE00F245C95EE002A2B35 /* ImageHelper.swift */,
				8BA478E4245B17F900BAB7A5 /* Modifiers.swift */,
				8B9EFE21246C380D0018E969 /* Reader.swift */,
				8B7572802471B7DC00ED32A3 /* LocationManager.swift */,
				8B20192E24772C8200281D77 /* CloudKit Helpers */,
				8B7A2742243F7D4800760F5D /* Extensions Files */,
				8B7A2741243F7D1400760F5D /* JSON Files */,
			);
			path = "Supporting Files";
			sourceTree = "<group>";
		};
		8B7A2740243F7C9000760F5D /* Model */ = {
			isa = PBXGroup;
			children = (
				8BDA449824588E5A00F054A0 /* Category.swift */,
				8BA478DC245AED4800BAB7A5 /* MenuItem.swift */,
				8B7A2759243F915600760F5D /* Information.swift */,
				8B7A2761243FC3FF00760F5D /* About.swift */,
				8B158CA224646AB200B9E6AE /* Order.swift */,
				8B158CA62464926200B9E6AE /* UserDetail.swift */,
				8B9EFE1F246AF5F60018E969 /* LoyaltyCard.swift */,
				8BFE1E452473E82300FCBDC6 /* AdminUsers.swift */,
			);
			path = Model;
			sourceTree = "<group>";
		};
		8B7A2741243F7D1400760F5D /* JSON Files */ = {
			isa = PBXGroup;
			children = (
				8B7A2745243F7D8600760F5D /* about.json */,
				8B7A2744243F7D8600760F5D /* information.json */,
				8B7A2743243F7D8600760F5D /* privacy.json */,
				8B7A2747243F7D8700760F5D /* terms.json */,
				8B7A2746243F7D8700760F5D /* credits.json */,
			);
			path = "JSON Files";
			sourceTree = "<group>";
		};
		8B7A2742243F7D4800760F5D /* Extensions Files */ = {
			isa = PBXGroup;
			children = (
				8B7A274D243F7E8E00760F5D /* Bundle-Decodable.swift */,
				8B7A274F243F809C00760F5D /* StringInterpolation-Number.swift */,
			);
			path = "Extensions Files";
			sourceTree = "<group>";
		};
		8B9AE011245EBA02002A2B35 /* AdminViews */ = {
			isa = PBXGroup;
			children = (
				8B7A275F243FC21500760F5D /* AdminView.swift */,
				8BDA44912458645400F054A0 /* CategoryView.swift */,
				8BDA448D24585C2100F054A0 /* AddCategoryView.swift */,
				8BA478DE245AF11400BAB7A5 /* MenuItemView.swift */,
				8BA478E0245AFAE400BAB7A5 /* AddMenuItemView.swift */,
				8B9AE00D245C6871002A2B35 /* ImagePicker.swift */,
				8BFE1E472475105C00FCBDC6 /* AdminUserView.swift */,
				8BFE1E492475154100FCBDC6 /* AddAdminUserView.swift */,
			);
			path = AdminViews;
			sourceTree = "<group>";
		};
		8B9AE012245EBAEE002A2B35 /* InformationViews */ = {
			isa = PBXGroup;
			children = (
				8B7A2755243F8C6300760F5D /* MapView.swift */,
				8B7A275B243FA85200760F5D /* ImageView.swift */,
				8B7A275D243FAC2A00760F5D /* WebView.swift */,
			);
			path = InformationViews;
			sourceTree = "<group>";
		};
		8B9AE013245EBB23002A2B35 /* AboutViews */ = {
			isa = PBXGroup;
			children = (
				8B7A2763243FC6DC00760F5D /* AboutDetailView.swift */,
			);
			path = AboutViews;
			sourceTree = "<group>";
		};
		8B9AE018245EC03C002A2B35 /* MenuViews */ = {
			isa = PBXGroup;
			children = (
				8B9AE016245EC026002A2B35 /* ItemsView.swift */,
				8B9AE014245EBFCF002A2B35 /* DetailItemView.swift */,
				8B158CA424647C6900B9E6AE /* OrderView.swift */,
				8B158CA82464AD0B00B9E6AE /* CheckoutView.swift */,
			);
			path = MenuViews;
			sourceTree = "<group>";
		};
		8B9EFE1A246AB3F60018E969 /* Loyalty */ = {
			isa = PBXGroup;
			children = (
				8B8D5EA2246AAE110013E9F1 /* GridStack.swift */,
				8B9EFE1B246AB8580018E969 /* CardView.swift */,
				8B9EFE18246AB3E40018E969 /* StampView.swift */,
				8B9EFE1D246AF4B30018E969 /* NoStampView.swift */,
			);
			path = Loyalty;
			sourceTree = "<group>";
		};
		8BDA4493245871C100F054A0 /* Frameworks */ = {
			isa = PBXGroup;
			children = (
				8BDA4494245871C100F054A0 /* CloudKit.framework */,
			);
			name = Frameworks;
			sourceTree = "<group>";
		};
/* End PBXGroup section */

/* Begin PBXNativeTarget section */
		8B7A2723243F768A00760F5D /* DirtyApron */ = {
			isa = PBXNativeTarget;
			buildConfigurationList = 8B7A2738243F769000760F5D /* Build configuration list for PBXNativeTarget "DirtyApron" */;
			buildPhases = (
				8B7A2720243F768A00760F5D /* Sources */,
				8B7A2721243F768A00760F5D /* Frameworks */,
				8B7A2722243F768A00760F5D /* Resources */,
			);
			buildRules = (
			);
			dependencies = (
			);
			name = DirtyApron;
			productName = DirtyApron;
			productReference = 8B7A2724243F768A00760F5D /* DirtyApron.app */;
			productType = "com.apple.product-type.application";
		};
/* End PBXNativeTarget section */

/* Begin PBXProject section */
		8B7A271C243F768A00760F5D /* Project object */ = {
			isa = PBXProject;
			attributes = {
				LastSwiftUpdateCheck = 1140;
				LastUpgradeCheck = 1140;
				ORGANIZATIONNAME = "Nigel Gee";
				TargetAttributes = {
					8B7A2723243F768A00760F5D = {
						CreatedOnToolsVersion = 11.4;
					};
				};
			};
			buildConfigurationList = 8B7A271F243F768A00760F5D /* Build configuration list for PBXProject "DirtyApron" */;
			compatibilityVersion = "Xcode 9.3";
			developmentRegion = en;
			hasScannedForEncodings = 0;
			knownRegions = (
				en,
				Base,
			);
			mainGroup = 8B7A271B243F768A00760F5D;
			productRefGroup = 8B7A2725243F768A00760F5D /* Products */;
			projectDirPath = "";
			projectRoot = "";
			targets = (
				8B7A2723243F768A00760F5D /* DirtyApron */,
			);
		};
/* End PBXProject section */

/* Begin PBXResourcesBuildPhase section */
		8B7A2722243F768A00760F5D /* Resources */ = {
			isa = PBXResourcesBuildPhase;
			buildActionMask = 2147483647;
			files = (
				8B7A274A243F7D8700760F5D /* about.json in Resources */,
				8B7A2734243F769000760F5D /* LaunchScreen.storyboard in Resources */,
				8B7A274B243F7D8700760F5D /* credits.json in Resources */,
				8B7A2749243F7D8700760F5D /* information.json in Resources */,
				8B7A2731243F769000760F5D /* Preview Assets.xcassets in Resources */,
				8B7A274C243F7D8700760F5D /* terms.json in Resources */,
				8B7A2748243F7D8700760F5D /* privacy.json in Resources */,
				8B7A272E243F769000760F5D /* Assets.xcassets in Resources */,
			);
			runOnlyForDeploymentPostprocessing = 0;
		};
/* End PBXResourcesBuildPhase section */

/* Begin PBXSourcesBuildPhase section */
		8B7A2720243F768A00760F5D /* Sources */ = {
			isa = PBXSourcesBuildPhase;
			buildActionMask = 2147483647;
			files = (
				8B7A275C243FA85200760F5D /* ImageView.swift in Sources */,
				8B7A275A243F915600760F5D /* Information.swift in Sources */,
				8B7A2760243FC21500760F5D /* AdminView.swift in Sources */,
				8B158C9B246171C100B9E6AE /* CKHelper.swift in Sources */,
				8B158CA524647C6900B9E6AE /* OrderView.swift in Sources */,
				8B158C9F2462C2E300B9E6AE /* BlurBackGround.swift in Sources */,
				8B7A2750243F809C00760F5D /* StringInterpolation-Number.swift in Sources */,
				8B158CA324646AB200B9E6AE /* Order.swift in Sources */,
				8B20192D24772BC600281D77 /* CKAdmin.swift in Sources */,
				8BFE1E462473E82300FCBDC6 /* AdminUsers.swift in Sources */,
				8BA478E5245B17F900BAB7A5 /* Modifiers.swift in Sources */,
				8BA478DF245AF11400BAB7A5 /* MenuItemView.swift in Sources */,
				8B7A2762243FC3FF00760F5D /* About.swift in Sources */,
				8B7A2756243F8C6300760F5D /* MapView.swift in Sources */,
				8BFE1E4A2475154100FCBDC6 /* AddAdminUserView.swift in Sources */,
				8BDA4497245887D800F054A0 /* Spinner.swift in Sources */,
				8B7A2754243F82EB00760F5D /* InformationView.swift in Sources */,
				8BDA44922458645400F054A0 /* CategoryView.swift in Sources */,
				8B9AE015245EBFCF002A2B35 /* DetailItemView.swift in Sources */,
				8B9EFE20246AF5F60018E969 /* LoyaltyCard.swift in Sources */,
				8B7572812471B7DC00ED32A3 /* LocationManager.swift in Sources */,
				8BA478DD245AED4800BAB7A5 /* MenuItem.swift in Sources */,
				8BA478E3245B089C00BAB7A5 /* ResizableTextField.swift in Sources */,
				8B9EFE19246AB3E40018E969 /* StampView.swift in Sources */,
				8B9AE00E245C6871002A2B35 /* ImagePicker.swift in Sources */,
				8B20192B24772AE800281D77 /* CKItems.swift in Sources */,
				8BDA448E24585C2100F054A0 /* AddCategoryView.swift in Sources */,
				8BDA449924588E5A00F054A0 /* Category.swift in Sources */,
				8BFE1E482475105C00FCBDC6 /* AdminUserView.swift in Sources */,
				8B7A2752243F81B700760F5D /* AboutView.swift in Sources */,
				8B158CA92464AD0B00B9E6AE /* CheckoutView.swift in Sources */,
				8BEDBA9D2465B1B8004298D8 /* MailView.swift in Sources */,
				8B9EFE1C246AB8580018E969 /* CardView.swift in Sources */,
				8B7A2728243F768A00760F5D /* AppDelegate.swift in Sources */,
				8B9AE01A245EC3D7002A2B35 /* ItemImageView.swift in Sources */,
				8B7A274E243F7E8E00760F5D /* Bundle-Decodable.swift in Sources */,
				8B158CA72464926200B9E6AE /* UserDetail.swift in Sources */,
				8B7A2766243FCD8C00760F5D /* MenuView.swift in Sources */,
				8B8D5EA3246AAE110013E9F1 /* GridStack.swift in Sources */,
				8B7A272A243F768A00760F5D /* SceneDelegate.swift in Sources */,
				8B9AE010245C95EE002A2B35 /* ImageHelper.swift in Sources */,
				8B9AE017245EC026002A2B35 /* ItemsView.swift in Sources */,
				8B9EFE1E246AF4B30018E969 /* NoStampView.swift in Sources */,
				8B2019292477298100281D77 /* CKCategory.swift in Sources */,
				8B7A272C243F768A00760F5D /* ContentView.swift in Sources */,
				8B9EFE22246C380D0018E969 /* Reader.swift in Sources */,
				8B7A275E243FAC2A00760F5D /* WebView.swift in Sources */,
				8BA478E1245AFAE400BAB7A5 /* AddMenuItemView.swift in Sources */,
				8B158C9D2462C2A900B9E6AE /* LoadingView.swift in Sources */,
				8B158CA124635C4300B9E6AE /* LoyaltyView.swift in Sources */,
				8B7A2764243FC6DC00760F5D /* AboutDetailView.swift in Sources */,
			);
			runOnlyForDeploymentPostprocessing = 0;
		};
/* End PBXSourcesBuildPhase section */

/* Begin PBXVariantGroup section */
		8B7A2732243F769000760F5D /* LaunchScreen.storyboard */ = {
			isa = PBXVariantGroup;
			children = (
				8B7A2733243F769000760F5D /* Base */,
			);
			name = LaunchScreen.storyboard;
			sourceTree = "<group>";
		};
/* End PBXVariantGroup section */

/* Begin XCBuildConfiguration section */
		8B7A2736243F769000760F5D /* Debug */ = {
			isa = XCBuildConfiguration;
			buildSettings = {
				ALWAYS_SEARCH_USER_PATHS = NO;
				CLANG_ANALYZER_NONNULL = YES;
				CLANG_ANALYZER_NUMBER_OBJECT_CONVERSION = YES_AGGRESSIVE;
				CLANG_CXX_LANGUAGE_STANDARD = "gnu++14";
				CLANG_CXX_LIBRARY = "libc++";
				CLANG_ENABLE_MODULES = YES;
				CLANG_ENABLE_OBJC_ARC = YES;
				CLANG_ENABLE_OBJC_WEAK = YES;
				CLANG_WARN_BLOCK_CAPTURE_AUTORELEASING = YES;
				CLANG_WARN_BOOL_CONVERSION = YES;
				CLANG_WARN_COMMA = YES;
				CLANG_WARN_CONSTANT_CONVERSION = YES;
				CLANG_WARN_DEPRECATED_OBJC_IMPLEMENTATIONS = YES;
				CLANG_WARN_DIRECT_OBJC_ISA_USAGE = YES_ERROR;
				CLANG_WARN_DOCUMENTATION_COMMENTS = YES;
				CLANG_WARN_EMPTY_BODY = YES;
				CLANG_WARN_ENUM_CONVERSION = YES;
				CLANG_WARN_INFINITE_RECURSION = YES;
				CLANG_WARN_INT_CONVERSION = YES;
				CLANG_WARN_NON_LITERAL_NULL_CONVERSION = YES;
				CLANG_WARN_OBJC_IMPLICIT_RETAIN_SELF = YES;
				CLANG_WARN_OBJC_LITERAL_CONVERSION = YES;
				CLANG_WARN_OBJC_ROOT_CLASS = YES_ERROR;
				CLANG_WARN_RANGE_LOOP_ANALYSIS = YES;
				CLANG_WARN_STRICT_PROTOTYPES = YES;
				CLANG_WARN_SUSPICIOUS_MOVE = YES;
				CLANG_WARN_UNGUARDED_AVAILABILITY = YES_AGGRESSIVE;
				CLANG_WARN_UNREACHABLE_CODE = YES;
				CLANG_WARN__DUPLICATE_METHOD_MATCH = YES;
				COPY_PHASE_STRIP = NO;
				DEBUG_INFORMATION_FORMAT = dwarf;
				ENABLE_STRICT_OBJC_MSGSEND = YES;
				ENABLE_TESTABILITY = YES;
				GCC_C_LANGUAGE_STANDARD = gnu11;
				GCC_DYNAMIC_NO_PIC = NO;
				GCC_NO_COMMON_BLOCKS = YES;
				GCC_OPTIMIZATION_LEVEL = 0;
				GCC_PREPROCESSOR_DEFINITIONS = (
					"DEBUG=1",
					"$(inherited)",
				);
				GCC_WARN_64_TO_32_BIT_CONVERSION = YES;
				GCC_WARN_ABOUT_RETURN_TYPE = YES_ERROR;
				GCC_WARN_UNDECLARED_SELECTOR = YES;
				GCC_WARN_UNINITIALIZED_AUTOS = YES_AGGRESSIVE;
				GCC_WARN_UNUSED_FUNCTION = YES;
				GCC_WARN_UNUSED_VARIABLE = YES;
				IPHONEOS_DEPLOYMENT_TARGET = 13.3;
				MTL_ENABLE_DEBUG_INFO = INCLUDE_SOURCE;
				MTL_FAST_MATH = YES;
				ONLY_ACTIVE_ARCH = YES;
				SDKROOT = iphoneos;
				SWIFT_ACTIVE_COMPILATION_CONDITIONS = DEBUG;
				SWIFT_OPTIMIZATION_LEVEL = "-Onone";
			};
			name = Debug;
		};
		8B7A2737243F769000760F5D /* Release */ = {
			isa = XCBuildConfiguration;
			buildSettings = {
				ALWAYS_SEARCH_USER_PATHS = NO;
				CLANG_ANALYZER_NONNULL = YES;
				CLANG_ANALYZER_NUMBER_OBJECT_CONVERSION = YES_AGGRESSIVE;
				CLANG_CXX_LANGUAGE_STANDARD = "gnu++14";
				CLANG_CXX_LIBRARY = "libc++";
				CLANG_ENABLE_MODULES = YES;
				CLANG_ENABLE_OBJC_ARC = YES;
				CLANG_ENABLE_OBJC_WEAK = YES;
				CLANG_WARN_BLOCK_CAPTURE_AUTORELEASING = YES;
				CLANG_WARN_BOOL_CONVERSION = YES;
				CLANG_WARN_COMMA = YES;
				CLANG_WARN_CONSTANT_CONVERSION = YES;
				CLANG_WARN_DEPRECATED_OBJC_IMPLEMENTATIONS = YES;
				CLANG_WARN_DIRECT_OBJC_ISA_USAGE = YES_ERROR;
				CLANG_WARN_DOCUMENTATION_COMMENTS = YES;
				CLANG_WARN_EMPTY_BODY = YES;
				CLANG_WARN_ENUM_CONVERSION = YES;
				CLANG_WARN_INFINITE_RECURSION = YES;
				CLANG_WARN_INT_CONVERSION = YES;
				CLANG_WARN_NON_LITERAL_NULL_CONVERSION = YES;
				CLANG_WARN_OBJC_IMPLICIT_RETAIN_SELF = YES;
				CLANG_WARN_OBJC_LITERAL_CONVERSION = YES;
				CLANG_WARN_OBJC_ROOT_CLASS = YES_ERROR;
				CLANG_WARN_RANGE_LOOP_ANALYSIS = YES;
				CLANG_WARN_STRICT_PROTOTYPES = YES;
				CLANG_WARN_SUSPICIOUS_MOVE = YES;
				CLANG_WARN_UNGUARDED_AVAILABILITY = YES_AGGRESSIVE;
				CLANG_WARN_UNREACHABLE_CODE = YES;
				CLANG_WARN__DUPLICATE_METHOD_MATCH = YES;
				COPY_PHASE_STRIP = NO;
				DEBUG_INFORMATION_FORMAT = "dwarf-with-dsym";
				ENABLE_NS_ASSERTIONS = NO;
				ENABLE_STRICT_OBJC_MSGSEND = YES;
				GCC_C_LANGUAGE_STANDARD = gnu11;
				GCC_NO_COMMON_BLOCKS = YES;
				GCC_WARN_64_TO_32_BIT_CONVERSION = YES;
				GCC_WARN_ABOUT_RETURN_TYPE = YES_ERROR;
				GCC_WARN_UNDECLARED_SELECTOR = YES;
				GCC_WARN_UNINITIALIZED_AUTOS = YES_AGGRESSIVE;
				GCC_WARN_UNUSED_FUNCTION = YES;
				GCC_WARN_UNUSED_VARIABLE = YES;
				IPHONEOS_DEPLOYMENT_TARGET = 13.3;
				MTL_ENABLE_DEBUG_INFO = NO;
				MTL_FAST_MATH = YES;
				SDKROOT = iphoneos;
				SWIFT_COMPILATION_MODE = wholemodule;
				SWIFT_OPTIMIZATION_LEVEL = "-O";
				VALIDATE_PRODUCT = YES;
			};
			name = Release;
		};
		8B7A2739243F769000760F5D /* Debug */ = {
			isa = XCBuildConfiguration;
			buildSettings = {
				ASSETCATALOG_COMPILER_APPICON_NAME = AppIcon;
				CODE_SIGN_ENTITLEMENTS = DirtyApron/DirtyApron.entitlements;
				CODE_SIGN_STYLE = Automatic;
				DEVELOPMENT_ASSET_PATHS = "\"DirtyApron/Preview Content\"";
				DEVELOPMENT_TEAM = 5SYZQ266RF;
				"ENABLE_HARDENED_RUNTIME[sdk=macosx*]" = YES;
				ENABLE_PREVIEWS = YES;
				INFOPLIST_FILE = DirtyApron/Info.plist;
				LD_RUNPATH_SEARCH_PATHS = (
					"$(inherited)",
					"@executable_path/Frameworks",
				);
				PRODUCT_BUNDLE_IDENTIFIER = co.uk.theappforest.DirtyApron;
				PRODUCT_NAME = "$(TARGET_NAME)";
				SUPPORTS_MACCATALYST = YES;
				SWIFT_VERSION = 5.0;
				TARGETED_DEVICE_FAMILY = "1,2";
			};
			name = Debug;
		};
		8B7A273A243F769000760F5D /* Release */ = {
			isa = XCBuildConfiguration;
			buildSettings = {
				ASSETCATALOG_COMPILER_APPICON_NAME = AppIcon;
				CODE_SIGN_ENTITLEMENTS = DirtyApron/DirtyApron.entitlements;
				CODE_SIGN_STYLE = Automatic;
				DEVELOPMENT_ASSET_PATHS = "\"DirtyApron/Preview Content\"";
				DEVELOPMENT_TEAM = 5SYZQ266RF;
				"ENABLE_HARDENED_RUNTIME[sdk=macosx*]" = YES;
				ENABLE_PREVIEWS = YES;
				INFOPLIST_FILE = DirtyApron/Info.plist;
				LD_RUNPATH_SEARCH_PATHS = (
					"$(inherited)",
					"@executable_path/Frameworks",
				);
				PRODUCT_BUNDLE_IDENTIFIER = co.uk.theappforest.DirtyApron;
				PRODUCT_NAME = "$(TARGET_NAME)";
				SUPPORTS_MACCATALYST = YES;
				SWIFT_VERSION = 5.0;
				TARGETED_DEVICE_FAMILY = "1,2";
			};
			name = Release;
		};
/* End XCBuildConfiguration section */

/* Begin XCConfigurationList section */
		8B7A271F243F768A00760F5D /* Build configuration list for PBXProject "DirtyApron" */ = {
			isa = XCConfigurationList;
			buildConfigurations = (
				8B7A2736243F769000760F5D /* Debug */,
				8B7A2737243F769000760F5D /* Release */,
			);
			defaultConfigurationIsVisible = 0;
			defaultConfigurationName = Release;
		};
		8B7A2738243F769000760F5D /* Build configuration list for PBXNativeTarget "DirtyApron" */ = {
			isa = XCConfigurationList;
			buildConfigurations = (
				8B7A2739243F769000760F5D /* Debug */,
				8B7A273A243F769000760F5D /* Release */,
			);
			defaultConfigurationIsVisible = 0;
			defaultConfigurationName = Release;
		};
/* End XCConfigurationList section */
	};
	rootObject = 8B7A271C243F768A00760F5D /* Project object */;
}
